
Microsoft Visual Studio Solution File, Format Version 12.00
# Visual Studio Version 16
VisualStudioVersion = 16.0.31729.503
MinimumVisualStudioVersion = 10.0.40219.1
Project("{FAE04EC0-301F-11D3-BF4B-00C04F79EFBC}") = "InventoryApp", "InventoryApp\InventoryApp.csproj", "{DF7E53F0-38C0-4932-9B9A-1ADAA5E90D34}"
EndProject
Global
	GlobalSection(SolutionConfigurationPlatforms) = preSolution
		Debug|Any CPU = Debug|Any CPU
		Release|Any CPU = Release|Any CPU
	EndGlobalSection
	GlobalSection(ProjectConfigurationPlatforms) = postSolution
		{DF7E53F0-38C0-4932-9B9A-1ADAA5E90D34}.Debug|Any CPU.ActiveCfg = Debug|Any CPU
		{DF7E53F0-38C0-4932-9B9A-1ADAA5E90D34}.Debug|Any CPU.Build.0 = Debug|Any CPU
		{DF7E53F0-38C0-4932-9B9A-1ADAA5E90D34}.Release|Any CPU.ActiveCfg = Release|Any CPU
		{DF7E53F0-38C0-4932-9B9A-1ADAA5E90D34}.Release|Any CPU.Build.0 = Release|Any CPU
	EndGlobalSection
	GlobalSection(SolutionProperties) = preSolution
		HideSolutionNode = FALSE
	EndGlobalSection
	GlobalSection(ExtensibilityGlobals) = postSolution
		SolutionGuid = {0CA5710C-39E2-46A0-93A3-7942DC2A81A5}
	EndGlobalSection
EndGlobal
